
Microsoft Visual Studio Solution File, Format Version 12.00
# Visual Studio Version 17
VisualStudioVersion = 17.2.32616.157
MinimumVisualStudioVersion = 10.0.40219.1
Project("{FAE04EC0-301F-11D3-BF4B-00C04F79EFBC}") = "AvcolMusicFinal", "AvcolMusicFinal\AvcolMusicFinal.csproj", "{15AEA08C-9EF4-48BF-8F8B-2F7F8E8C1702}"
EndProject
Global
	GlobalSection(SolutionConfigurationPlatforms) = preSolution
		Debug|Any CPU = Debug|Any CPU
		Release|Any CPU = Release|Any CPU
	EndGlobalSection
	GlobalSection(ProjectConfigurationPlatforms) = postSolution
		{15AEA08C-9EF4-48BF-8F8B-2F7F8E8C1702}.Debug|Any CPU.ActiveCfg = Debug|Any CPU
		{15AEA08C-9EF4-48BF-8F8B-2F7F8E8C1702}.Debug|Any CPU.Build.0 = Debug|Any CPU
		{15AEA08C-9EF4-48BF-8F8B-2F7F8E8C1702}.Release|Any CPU.ActiveCfg = Release|Any CPU
		{15AEA08C-9EF4-48BF-8F8B-2F7F8E8C1702}.Release|Any CPU.Build.0 = Release|Any CPU
	EndGlobalSection
	GlobalSection(SolutionProperties) = preSolution
		HideSolutionNode = FALSE
	EndGlobalSection
	GlobalSection(ExtensibilityGlobals) = postSolution
		SolutionGuid = {E952C937-95A5-452B-B99B-E8164FEDB1ED}
	EndGlobalSection
EndGlobal
